// !$*UTF8*$!
{
	archiveVersion = 1;
	classes = {
	};
	objectVersion = 77;
	objects = {

/* Begin PBXContainerItemProxy section */
		F40156072E2577CC001795E8 /* PBXContainerItemProxy */ = {
			isa = PBXContainerItemProxy;
			containerPortal = F40155EE2E2577CB001795E8 /* Project object */;
			proxyType = 1;
			remoteGlobalIDString = F40155F52E2577CB001795E8;
			remoteInfo = HorizonFrame2;
		};
		F40156112E2577CC001795E8 /* PBXContainerItemProxy */ = {
			isa = PBXContainerItemProxy;
			containerPortal = F40155EE2E2577CB001795E8 /* Project object */;
			proxyType = 1;
			remoteGlobalIDString = F40155F52E2577CB001795E8;
			remoteInfo = HorizonFrame2;
		};
/* End PBXContainerItemProxy section */

/* Begin PBXFileReference section */
		F40155F62E2577CB001795E8 /* HorizonFrame2.app */ = {isa = PBXFileReference; explicitFileType = wrapper.application; includeInIndex = 0; path = HorizonFrame2.app; sourceTree = BUILT_PRODUCTS_DIR; };
		F40156062E2577CC001795E8 /* HorizonFrame2Tests.xctest */ = {isa = PBXFileReference; explicitFileType = wrapper.cfbundle; includeInIndex = 0; path = HorizonFrame2Tests.xctest; sourceTree = BUILT_PRODUCTS_DIR; };
		F40156102E2577CC001795E8 /* HorizonFrame2UITests.xctest */ = {isa = PBXFileReference; explicitFileType = wrapper.cfbundle; includeInIndex = 0; path = HorizonFrame2UITests.xctest; sourceTree = BUILT_PRODUCTS_DIR; };
/* End PBXFileReference section */

/* Begin PBXFileSystemSynchronizedRootGroup section */
		F40155F82E2577CB001795E8 /* HorizonFrame2 */ = {
			isa = PBXFileSystemSynchronizedRootGroup;
			path = HorizonFrame2;
			sourceTree = "<group>";
		};
		F40156092E2577CC001795E8 /* HorizonFrame2Tests */ = {
			isa = PBXFileSystemSynchronizedRootGroup;
			path = HorizonFrame2Tests;
			sourceTree = "<group>";
		};
		F40156132E2577CC001795E8 /* HorizonFrame2UITests */ = {
			isa = PBXFileSystemSynchronizedRootGroup;
			path = HorizonFrame2UITests;
			sourceTree = "<group>";
		};
/* End PBXFileSystemSynchronizedRootGroup section */

/* Begin PBXFrameworksBuildPhase section */
		F40155F32E2577CB001795E8 /* Frameworks */ = {
			isa = PBXFrameworksBuildPhase;
			buildActionMask = 2147483647;
			files = (
			);
			runOnlyForDeploymentPostprocessing = 0;
		};
		F40156032E2577CC001795E8 /* Frameworks */ = {
			isa = PBXFrameworksBuildPhase;
			buildActionMask = 2147483647;
			files = (
			);
			runOnlyForDeploymentPostprocessing = 0;
		};
		F401560D2E2577CC001795E8 /* Frameworks */ = {
			isa = PBXFrameworksBuildPhase;
			buildActionMask = 2147483647;
			files = (
			);
			runOnlyForDeploymentPostprocessing = 0;
		};
/* End PBXFrameworksBuildPhase section */

/* Begin PBXGroup section */
		F40155ED2E2577CB001795E8 = {
			isa = PBXGroup;
			children = (
				F40155F82E2577CB001795E8 /* HorizonFrame2 */,
				F40156092E2577CC001795E8 /* HorizonFrame2Tests */,
				F40156132E2577CC001795E8 /* HorizonFrame2UITests */,
				F40155F72E2577CB001795E8 /* Products */,
			);
			sourceTree = "<group>";
		};
		F40155F72E2577CB001795E8 /* Products */ = {
			isa = PBXGroup;
			children = (
				F40155F62E2577CB001795E8 /* HorizonFrame2.app */,
				F40156062E2577CC001795E8 /* HorizonFrame2Tests.xctest */,
				F40156102E2577CC001795E8 /* HorizonFrame2UITests.xctest */,
			);
			name = Products;
			sourceTree = "<group>";
		};
/* End PBXGroup section */

/* Begin PBXNativeTarget section */
		F40155F52E2577CB001795E8 /* HorizonFrame2 */ = {
			isa = PBXNativeTarget;
			buildConfigurationList = F401561A2E2577CC001795E8 /* Build configuration list for PBXNativeTarget "HorizonFrame2" */;
			buildPhases = (
				F40155F22E2577CB001795E8 /* Sources */,
				F40155F32E2577CB001795E8 /* Frameworks */,
				F40155F42E2577CB001795E8 /* Resources */,
			);
			buildRules = (
			);
			dependencies = (
			);
			fileSystemSynchronizedGroups = (
				F40155F82E2577CB001795E8 /* HorizonFrame2 */,
			);
			name = HorizonFrame2;
			packageProductDependencies = (
			);
			productName = HorizonFrame2;
			productReference = F40155F62E2577CB001795E8 /* HorizonFrame2.app */;
			productType = "com.apple.product-type.application";
		};
		F40156052E2577CC001795E8 /* HorizonFrame2Tests */ = {
			isa = PBXNativeTarget;
			buildConfigurationList = F401561D2E2577CC001795E8 /* Build configuration list for PBXNativeTarget "HorizonFrame2Tests" */;
			buildPhases = (
				F40156022E2577CC001795E8 /* Sources */,
				F40156032E2577CC001795E8 /* Frameworks */,
				F40156042E2577CC001795E8 /* Resources */,
			);
			buildRules = (
			);
			dependencies = (
				F40156082E2577CC001795E8 /* PBXTargetDependency */,
			);
			fileSystemSynchronizedGroups = (
				F40156092E2577CC001795E8 /* HorizonFrame2Tests */,
			);
			name = HorizonFrame2Tests;
			packageProductDependencies = (
			);
			productName = HorizonFrame2Tests;
			productReference = F40156062E2577CC001795E8 /* HorizonFrame2Tests.xctest */;
			productType = "com.apple.product-type.bundle.unit-test";
		};
		F401560F2E2577CC001795E8 /* HorizonFrame2UITests */ = {
			isa = PBXNativeTarget;
			buildConfigurationList = F40156202E2577CC001795E8 /* Build configuration list for PBXNativeTarget "HorizonFrame2UITests" */;
			buildPhases = (
				F401560C2E2577CC001795E8 /* Sources */,
				F401560D2E2577CC001795E8 /* Frameworks */,
				F401560E2E2577CC001795E8 /* Resources */,
			);
			buildRules = (
			);
			dependencies = (
				F40156122E2577CC001795E8 /* PBXTargetDependency */,
			);
			fileSystemSynchronizedGroups = (
				F40156132E2577CC001795E8 /* HorizonFrame2UITests */,
			);
			name = HorizonFrame2UITests;
			packageProductDependencies = (
			);
			productName = HorizonFrame2UITests;
			productReference = F40156102E2577CC001795E8 /* HorizonFrame2UITests.xctest */;
			productType = "com.apple.product-type.bundle.ui-testing";
		};
/* End PBXNativeTarget section */

/* Begin PBXProject section */
		F40155EE2E2577CB001795E8 /* Project object */ = {
			isa = PBXProject;
			attributes = {
				BuildIndependentTargetsInParallel = 1;
				LastSwiftUpdateCheck = 1620;
				LastUpgradeCheck = 1620;
				TargetAttributes = {
					F40155F52E2577CB001795E8 = {
						CreatedOnToolsVersion = 16.2;
					};
					F40156052E2577CC001795E8 = {
						CreatedOnToolsVersion = 16.2;
						TestTargetID = F40155F52E2577CB001795E8;
					};
					F401560F2E2577CC001795E8 = {
						CreatedOnToolsVersion = 16.2;
						TestTargetID = F40155F52E2577CB001795E8;
					};
				};
			};
			buildConfigurationList = F40155F12E2577CB001795E8 /* Build configuration list for PBXProject "HorizonFrame2" */;
			developmentRegion = en;
			hasScannedForEncodings = 0;
			knownRegions = (
				en,
				Base,
			);
			mainGroup = F40155ED2E2577CB001795E8;
			minimizedProjectReferenceProxies = 1;
			preferredProjectObjectVersion = 77;
			productRefGroup = F40155F72E2577CB001795E8 /* Products */;
			projectDirPath = "";
			projectRoot = "";
			targets = (
				F40155F52E2577CB001795E8 /* HorizonFrame2 */,
				F40156052E2577CC001795E8 /* HorizonFrame2Tests */,
				F401560F2E2577CC001795E8 /* HorizonFrame2UITests */,
			);
		};
/* End PBXProject section */

/* Begin PBXResourcesBuildPhase section */
		F40155F42E2577CB001795E8 /* Resources */ = {
			isa = PBXResourcesBuildPhase;
			buildActionMask = 2147483647;
			files = (
			);
			runOnlyForDeploymentPostprocessing = 0;
		};
		F40156042E2577CC001795E8 /* Resources */ = {
			isa = PBXResourcesBuildPhase;
			buildActionMask = 2147483647;
			files = (
			);
			runOnlyForDeploymentPostprocessing = 0;
		};
		F401560E2E2577CC001795E8 /* Resources */ = {
			isa = PBXResourcesBuildPhase;
			buildActionMask = 2147483647;
			files = (
			);
			runOnlyForDeploymentPostprocessing = 0;
		};
/* End PBXResourcesBuildPhase section */

/* Begin PBXSourcesBuildPhase section */
		F40155F22E2577CB001795E8 /* Sources */ = {
			isa = PBXSourcesBuildPhase;
			buildActionMask = 2147483647;
			files = (
			);
			runOnlyForDeploymentPostprocessing = 0;
		};
		F40156022E2577CC001795E8 /* Sources */ = {
			isa = PBXSourcesBuildPhase;
			buildActionMask = 2147483647;
			files = (
			);
			runOnlyForDeploymentPostprocessing = 0;
		};
		F401560C2E2577CC001795E8 /* Sources */ = {
			isa = PBXSourcesBuildPhase;
			buildActionMask = 2147483647;
			files = (
			);
			runOnlyForDeploymentPostprocessing = 0;
		};
/* End PBXSourcesBuildPhase section */

/* Begin PBXTargetDependency section */
		F40156082E2577CC001795E8 /* PBXTargetDependency */ = {
			isa = PBXTargetDependency;
			target = F40155F52E2577CB001795E8 /* HorizonFrame2 */;
			targetProxy = F40156072E2577CC001795E8 /* PBXContainerItemProxy */;
		};
		F40156122E2577CC001795E8 /* PBXTargetDependency */ = {
			isa = PBXTargetDependency;
			target = F40155F52E2577CB001795E8 /* HorizonFrame2 */;
			targetProxy = F40156112E2577CC001795E8 /* PBXContainerItemProxy */;
		};
/* End PBXTargetDependency section */

/* Begin XCBuildConfiguration section */
		F40156182E2577CC001795E8 /* Debug */ = {
			isa = XCBuildConfiguration;
			buildSettings = {
				ALWAYS_SEARCH_USER_PATHS = NO;
				ASSETCATALOG_COMPILER_GENERATE_SWIFT_ASSET_SYMBOL_EXTENSIONS = YES;
				CLANG_ANALYZER_NONNULL = YES;
				CLANG_ANALYZER_NUMBER_OBJECT_CONVERSION = YES_AGGRESSIVE;
				CLANG_CXX_LANGUAGE_STANDARD = "gnu++20";
				CLANG_ENABLE_MODULES = YES;
				CLANG_ENABLE_OBJC_ARC = YES;
				CLANG_ENABLE_OBJC_WEAK = YES;
				CLANG_WARN_BLOCK_CAPTURE_AUTORELEASING = YES;
				CLANG_WARN_BOOL_CONVERSION = YES;
				CLANG_WARN_COMMA = YES;
				CLANG_WARN_CONSTANT_CONVERSION = YES;
				CLANG_WARN_DEPRECATED_OBJC_IMPLEMENTATIONS = YES;
				CLANG_WARN_DIRECT_OBJC_ISA_USAGE = YES_ERROR;
				CLANG_WARN_DOCUMENTATION_COMMENTS = YES;
				CLANG_WARN_EMPTY_BODY = YES;
				CLANG_WARN_ENUM_CONVERSION = YES;
				CLANG_WARN_INFINITE_RECURSION = YES;
				CLANG_WARN_INT_CONVERSION = YES;
				CLANG_WARN_NON_LITERAL_NULL_CONVERSION = YES;
				CLANG_WARN_OBJC_IMPLICIT_RETAIN_SELF = YES;
				CLANG_WARN_OBJC_LITERAL_CONVERSION = YES;
				CLANG_WARN_OBJC_ROOT_CLASS = YES_ERROR;
				CLANG_WARN_QUOTED_INCLUDE_IN_FRAMEWORK_HEADER = YES;
				CLANG_WARN_RANGE_LOOP_ANALYSIS = YES;
				CLANG_WARN_STRICT_PROTOTYPES = YES;
				CLANG_WARN_SUSPICIOUS_MOVE = YES;
				CLANG_WARN_UNGUARDED_AVAILABILITY = YES_AGGRESSIVE;
				CLANG_WARN_UNREACHABLE_CODE = YES;
				CLANG_WARN__DUPLICATE_METHOD_MATCH = YES;
				COPY_PHASE_STRIP = NO;
				DEBUG_INFORMATION_FORMAT = dwarf;
				ENABLE_STRICT_OBJC_MSGSEND = YES;
				ENABLE_TESTABILITY = YES;
				ENABLE_USER_SCRIPT_SANDBOXING = YES;
				GCC_C_LANGUAGE_STANDARD = gnu17;
				GCC_DYNAMIC_NO_PIC = NO;
				GCC_NO_COMMON_BLOCKS = YES;
				GCC_OPTIMIZATION_LEVEL = 0;
				GCC_PREPROCESSOR_DEFINITIONS = (
					"DEBUG=1",
					"$(inherited)",
				);
				GCC_WARN_64_TO_32_BIT_CONVERSION = YES;
				GCC_WARN_ABOUT_RETURN_TYPE = YES_ERROR;
				GCC_WARN_UNDECLARED_SELECTOR = YES;
				GCC_WARN_UNINITIALIZED_AUTOS = YES_AGGRESSIVE;
				GCC_WARN_UNUSED_FUNCTION = YES;
				GCC_WARN_UNUSED_VARIABLE = YES;
				IPHONEOS_DEPLOYMENT_TARGET = 18.2;
				LOCALIZATION_PREFERS_STRING_CATALOGS = YES;
				MTL_ENABLE_DEBUG_INFO = INCLUDE_SOURCE;
				MTL_FAST_MATH = YES;
				ONLY_ACTIVE_ARCH = YES;
				SDKROOT = iphoneos;
				SWIFT_ACTIVE_COMPILATION_CONDITIONS = "DEBUG $(inherited)";
				SWIFT_OPTIMIZATION_LEVEL = "-Onone";
			};
			name = Debug;
		};
		F40156192E2577CC001795E8 /* Release */ = {
			isa = XCBuildConfiguration;
			buildSettings = {
				ALWAYS_SEARCH_USER_PATHS = NO;
				ASSETCATALOG_COMPILER_GENERATE_SWIFT_ASSET_SYMBOL_EXTENSIONS = YES;
				CLANG_ANALYZER_NONNULL = YES;
				CLANG_ANALYZER_NUMBER_OBJECT_CONVERSION = YES_AGGRESSIVE;
				CLANG_CXX_LANGUAGE_STANDARD = "gnu++20";
				CLANG_ENABLE_MODULES = YES;
				CLANG_ENABLE_OBJC_ARC = YES;
				CLANG_ENABLE_OBJC_WEAK = YES;
				CLANG_WARN_BLOCK_CAPTURE_AUTORELEASING = YES;
				CLANG_WARN_BOOL_CONVERSION = YES;
				CLANG_WARN_COMMA = YES;
				CLANG_WARN_CONSTANT_CONVERSION = YES;
				CLANG_WARN_DEPRECATED_OBJC_IMPLEMENTATIONS = YES;
				CLANG_WARN_DIRECT_OBJC_ISA_USAGE = YES_ERROR;
				CLANG_WARN_DOCUMENTATION_COMMENTS = YES;
				CLANG_WARN_EMPTY_BODY = YES;
				CLANG_WARN_ENUM_CONVERSION = YES;
				CLANG_WARN_INFINITE_RECURSION = YES;
				CLANG_WARN_INT_CONVERSION = YES;
				CLANG_WARN_NON_LITERAL_NULL_CONVERSION = YES;
				CLANG_WARN_OBJC_IMPLICIT_RETAIN_SELF = YES;
				CLANG_WARN_OBJC_LITERAL_CONVERSION = YES;
				CLANG_WARN_OBJC_ROOT_CLASS = YES_ERROR;
				CLANG_WARN_QUOTED_INCLUDE_IN_FRAMEWORK_HEADER = YES;
				CLANG_WARN_RANGE_LOOP_ANALYSIS = YES;
				CLANG_WARN_STRICT_PROTOTYPES = YES;
				CLANG_WARN_SUSPICIOUS_MOVE = YES;
				CLANG_WARN_UNGUARDED_AVAILABILITY = YES_AGGRESSIVE;
				CLANG_WARN_UNREACHABLE_CODE = YES;
				CLANG_WARN__DUPLICATE_METHOD_MATCH = YES;
				COPY_PHASE_STRIP = NO;
				DEBUG_INFORMATION_FORMAT = "dwarf-with-dsym";
				ENABLE_NS_ASSERTIONS = NO;
				ENABLE_STRICT_OBJC_MSGSEND = YES;
				ENABLE_USER_SCRIPT_SANDBOXING = YES;
				GCC_C_LANGUAGE_STANDARD = gnu17;
				GCC_NO_COMMON_BLOCKS = YES;
				GCC_WARN_64_TO_32_BIT_CONVERSION = YES;
				GCC_WARN_ABOUT_RETURN_TYPE = YES_ERROR;
				GCC_WARN_UNDECLARED_SELECTOR = YES;
				GCC_WARN_UNINITIALIZED_AUTOS = YES_AGGRESSIVE;
				GCC_WARN_UNUSED_FUNCTION = YES;
				GCC_WARN_UNUSED_VARIABLE = YES;
				IPHONEOS_DEPLOYMENT_TARGET = 18.2;
				LOCALIZATION_PREFERS_STRING_CATALOGS = YES;
				MTL_ENABLE_DEBUG_INFO = NO;
				MTL_FAST_MATH = YES;
				SDKROOT = iphoneos;
				SWIFT_COMPILATION_MODE = wholemodule;
				VALIDATE_PRODUCT = YES;
			};
			name = Release;
		};
		F401561B2E2577CC001795E8 /* Debug */ = {
			isa = XCBuildConfiguration;
			buildSettings = {
				ASSETCATALOG_COMPILER_APPICON_NAME = AppIcon;
				ASSETCATALOG_COMPILER_GLOBAL_ACCENT_COLOR_NAME = AccentColor;
				CODE_SIGN_ENTITLEMENTS = HorizonFrame2/HorizonFrame2.entitlements;
				CODE_SIGN_STYLE = Automatic;
				CURRENT_PROJECT_VERSION = 1;
				DEVELOPMENT_ASSET_PATHS = "\"HorizonFrame2/Preview Content\"";
				DEVELOPMENT_TEAM = F34CVJH6L3;
				ENABLE_PREVIEWS = YES;
				GENERATE_INFOPLIST_FILE = YES;
				INFOPLIST_KEY_UIApplicationSceneManifest_Generation = YES;
				INFOPLIST_KEY_UIApplicationSupportsIndirectInputEvents = YES;
				INFOPLIST_KEY_UILaunchScreen_Generation = YES;
				INFOPLIST_KEY_UISupportedInterfaceOrientations_iPad = "UIInterfaceOrientationPortrait UIInterfaceOrientationPortraitUpsideDown UIInterfaceOrientationLandscapeLeft UIInterfaceOrientationLandscapeRight";
				INFOPLIST_KEY_UISupportedInterfaceOrientations_iPhone = "UIInterfaceOrientationPortrait UIInterfaceOrientationLandscapeLeft UIInterfaceOrientationLandscapeRight";
				LD_RUNPATH_SEARCH_PATHS = (
					"$(inherited)",
					"@executable_path/Frameworks",
				);
				MARKETING_VERSION = 1.0;
				PRODUCT_BUNDLE_IDENTIFIER = com.colesegura.HorizonFrame2;
				PRODUCT_NAME = "$(TARGET_NAME)";
				SWIFT_EMIT_LOC_STRINGS = YES;
				SWIFT_VERSION = 5.0;
				TARGETED_DEVICE_FAMILY = "1,2";
			};
			name = Debug;
		};
		F401561C2E2577CC001795E8 /* Release */ = {
			isa = XCBuildConfiguration;
			buildSettings = {
				ASSETCATALOG_COMPILER_APPICON_NAME = AppIcon;
				ASSETCATALOG_COMPILER_GLOBAL_ACCENT_COLOR_NAME = AccentColor;
				CODE_SIGN_ENTITLEMENTS = HorizonFrame2/HorizonFrame2.entitlements;
				CODE_SIGN_STYLE = Automatic;
				CURRENT_PROJECT_VERSION = 1;
				DEVELOPMENT_ASSET_PATHS = "\"HorizonFrame2/Preview Content\"";
				DEVELOPMENT_TEAM = F34CVJH6L3;
				ENABLE_PREVIEWS = YES;
				GENERATE_INFOPLIST_FILE = YES;
				INFOPLIST_KEY_UIApplicationSceneManifest_Generation = YES;
				INFOPLIST_KEY_UIApplicationSupportsIndirectInputEvents = YES;
				INFOPLIST_KEY_UILaunchScreen_Generation = YES;
				INFOPLIST_KEY_UISupportedInterfaceOrientations_iPad = "UIInterfaceOrientationPortrait UIInterfaceOrientationPortraitUpsideDown UIInterfaceOrientationLandscapeLeft UIInterfaceOrientationLandscapeRight";
				INFOPLIST_KEY_UISupportedInterfaceOrientations_iPhone = "UIInterfaceOrientationPortrait UIInterfaceOrientationLandscapeLeft UIInterfaceOrientationLandscapeRight";
				LD_RUNPATH_SEARCH_PATHS = (
					"$(inherited)",
					"@executable_path/Frameworks",
				);
				MARKETING_VERSION = 1.0;
				PRODUCT_BUNDLE_IDENTIFIER = com.colesegura.HorizonFrame2;
				PRODUCT_NAME = "$(TARGET_NAME)";
				SWIFT_EMIT_LOC_STRINGS = YES;
				SWIFT_VERSION = 5.0;
				TARGETED_DEVICE_FAMILY = "1,2";
			};
			name = Release;
		};
		F401561E2E2577CC001795E8 /* Debug */ = {
			isa = XCBuildConfiguration;
			buildSettings = {
				BUNDLE_LOADER = "$(TEST_HOST)";
				CODE_SIGN_STYLE = Automatic;
				CURRENT_PROJECT_VERSION = 1;
				DEVELOPMENT_TEAM = F34CVJH6L3;
				GENERATE_INFOPLIST_FILE = YES;
				IPHONEOS_DEPLOYMENT_TARGET = 18.2;
				MARKETING_VERSION = 1.0;
				PRODUCT_BUNDLE_IDENTIFIER = com.colesegura.HorizonFrame2Tests;
				PRODUCT_NAME = "$(TARGET_NAME)";
				SWIFT_EMIT_LOC_STRINGS = NO;
				SWIFT_VERSION = 5.0;
				TARGETED_DEVICE_FAMILY = "1,2";
				TEST_HOST = "$(BUILT_PRODUCTS_DIR)/HorizonFrame2.app/$(BUNDLE_EXECUTABLE_FOLDER_PATH)/HorizonFrame2";
			};
			name = Debug;
		};
		F401561F2E2577CC001795E8 /* Release */ = {
			isa = XCBuildConfiguration;
			buildSettings = {
				BUNDLE_LOADER = "$(TEST_HOST)";
				CODE_SIGN_STYLE = Automatic;
				CURRENT_PROJECT_VERSION = 1;
				DEVELOPMENT_TEAM = F34CVJH6L3;
				GENERATE_INFOPLIST_FILE = YES;
				IPHONEOS_DEPLOYMENT_TARGET = 18.2;
				MARKETING_VERSION = 1.0;
				PRODUCT_BUNDLE_IDENTIFIER = com.colesegura.HorizonFrame2Tests;
				PRODUCT_NAME = "$(TARGET_NAME)";
				SWIFT_EMIT_LOC_STRINGS = NO;
				SWIFT_VERSION = 5.0;
				TARGETED_DEVICE_FAMILY = "1,2";
				TEST_HOST = "$(BUILT_PRODUCTS_DIR)/HorizonFrame2.app/$(BUNDLE_EXECUTABLE_FOLDER_PATH)/HorizonFrame2";
			};
			name = Release;
		};
		F40156212E2577CC001795E8 /* Debug */ = {
			isa = XCBuildConfiguration;
			buildSettings = {
				CODE_SIGN_STYLE = Automatic;
				CURRENT_PROJECT_VERSION = 1;
				DEVELOPMENT_TEAM = F34CVJH6L3;
				GENERATE_INFOPLIST_FILE = YES;
				MARKETING_VERSION = 1.0;
				PRODUCT_BUNDLE_IDENTIFIER = com.colesegura.HorizonFrame2UITests;
				PRODUCT_NAME = "$(TARGET_NAME)";
				SWIFT_EMIT_LOC_STRINGS = NO;
				SWIFT_VERSION = 5.0;
				TARGETED_DEVICE_FAMILY = "1,2";
				TEST_TARGET_NAME = HorizonFrame2;
			};
			name = Debug;
		};
		F40156222E2577CC001795E8 /* Release */ = {
			isa = XCBuildConfiguration;
			buildSettings = {
				CODE_SIGN_STYLE = Automatic;
				CURRENT_PROJECT_VERSION = 1;
				DEVELOPMENT_TEAM = F34CVJH6L3;
				GENERATE_INFOPLIST_FILE = YES;
				MARKETING_VERSION = 1.0;
				PRODUCT_BUNDLE_IDENTIFIER = com.colesegura.HorizonFrame2UITests;
				PRODUCT_NAME = "$(TARGET_NAME)";
				SWIFT_EMIT_LOC_STRINGS = NO;
				SWIFT_VERSION = 5.0;
				TARGETED_DEVICE_FAMILY = "1,2";
				TEST_TARGET_NAME = HorizonFrame2;
			};
			name = Release;
		};
/* End XCBuildConfiguration section */

/* Begin XCConfigurationList section */
		F40155F12E2577CB001795E8 /* Build configuration list for PBXProject "HorizonFrame2" */ = {
			isa = XCConfigurationList;
			buildConfigurations = (
				F40156182E2577CC001795E8 /* Debug */,
				F40156192E2577CC001795E8 /* Release */,
			);
			defaultConfigurationIsVisible = 0;
			defaultConfigurationName = Release;
		};
		F401561A2E2577CC001795E8 /* Build configuration list for PBXNativeTarget "HorizonFrame2" */ = {
			isa = XCConfigurationList;
			buildConfigurations = (
				F401561B2E2577CC001795E8 /* Debug */,
				F401561C2E2577CC001795E8 /* Release */,
			);
			defaultConfigurationIsVisible = 0;
			defaultConfigurationName = Release;
		};
		F401561D2E2577CC001795E8 /* Build configuration list for PBXNativeTarget "HorizonFrame2Tests" */ = {
			isa = XCConfigurationList;
			buildConfigurations = (
				F401561E2E2577CC001795E8 /* Debug */,
				F401561F2E2577CC001795E8 /* Release */,
			);
			defaultConfigurationIsVisible = 0;
			defaultConfigurationName = Release;
		};
		F40156202E2577CC001795E8 /* Build configuration list for PBXNativeTarget "HorizonFrame2UITests" */ = {
			isa = XCConfigurationList;
			buildConfigurations = (
				F40156212E2577CC001795E8 /* Debug */,
				F40156222E2577CC001795E8 /* Release */,
			);
			defaultConfigurationIsVisible = 0;
			defaultConfigurationName = Release;
		};
/* End XCConfigurationList section */
	};
	rootObject = F40155EE2E2577CB001795E8 /* Project object */;
}
